<?xml version="1.0" encoding="utf-8"?>
<Project ToolsVersion="4.0" xmlns="http://schemas.microsoft.com/developer/msbuild/2003">
  <ItemGroup>
    <Filter Include="Source Files">
      <UniqueIdentifier>{4FC737F1-C7A5-4376-A066-2A32D752A2FF}</UniqueIdentifier>
      <Extensions>cpp;c;cc;cxx;c++;cppm;ixx;def;odl;idl;hpj;bat;asm;asmx</Extensions>
    </Filter>
    <Filter Include="Header Files">
      <UniqueIdentifier>{93995380-89BD-4b04-88EB-625FBE52EBFB}</UniqueIdentifier>
      <Extensions>h;hh;hpp;hxx;h++;hm;inl;inc;ipp;xsd</Extensions>
    </Filter>
    <Filter Include="Resource Files">
      <UniqueIdentifier>{67DA6AB6-F800-4c08-8B7A-83BB121AAD01}</UniqueIdentifier>
      <Extensions>rc;ico;cur;bmp;dlg;rc2;rct;bin;rgs;gif;jpg;jpeg;jpe;resx;tiff;tif;png;wav;mfcribbon-ms</Extensions>
    </Filter>
    <Filter Include="Resource Files\Shaders">
      <UniqueIdentifier>{5da4c316-0f51-4761-ba6c-7b7a36d243c8}</UniqueIdentifier>
    </Filter>
    <Filter Include="Resource Files\Textures">
      <UniqueIdentifier>{58b8524d-8851-4bdf-95fe-8441cff53477}</UniqueIdentifier>
    </Filter>
    <Filter Include="Resource Files\Obj">
      <UniqueIdentifier>{b76ea7f5-1cc9-4eab-9c8c-5e489f62d28f}</UniqueIdentifier>
    </Filter>
    <Filter Include="Resource Files\model">
      <UniqueIdentifier>{afd818ed-4aad-4fc7-bd29-ebd7f389ddf8}</UniqueIdentifier>
    </Filter>
    <Filter Include="Header Files\ECS">
      <UniqueIdentifier>{23315de6-7191-43c2-8b38-f1db545ed2ca}</UniqueIdentifier>
    </Filter>
    <Filter Include="Header Files\Systems">
      <UniqueIdentifier>{20754d0f-baad-44f6-89c0-fc71b46354ea}</UniqueIdentifier>
    </Filter>
    <Filter Include="Header Files\Components">
      <UniqueIdentifier>{8c23005e-c8d0-49d8-a5ee-bef247127431}</UniqueIdentifier>
    </Filter>
  </ItemGroup>
  <ItemGroup>
    <ClCompile Include="..\..\..\..\Downloads\glad.c">
      <Filter>Source Files</Filter>
    </ClCompile>
    <ClCompile Include="Source.cpp">
      <Filter>Source Files</Filter>
    </ClCompile>
    <ClCompile Include="shaderClass.cpp">
      <Filter>Source Files</Filter>
    </ClCompile>
    <ClCompile Include="VBO.cpp">
      <Filter>Source Files</Filter>
    </ClCompile>
    <ClCompile Include="EBO.cpp">
      <Filter>Source Files</Filter>
    </ClCompile>
    <ClCompile Include="VAO.cpp">
      <Filter>Source Files</Filter>
    </ClCompile>
    <ClCompile Include="template.cpp">
      <Filter>Source Files</Filter>
    </ClCompile>
    <ClCompile Include="stb.cpp">
      <Filter>Source Files</Filter>
    </ClCompile>
    <ClCompile Include="tex.cpp">
      <Filter>Source Files</Filter>
    </ClCompile>
    <ClCompile Include="3d.cpp">
      <Filter>Source Files</Filter>
    </ClCompile>
    <ClCompile Include="mesh.cpp">
      <Filter>Source Files</Filter>
    </ClCompile>
    <ClCompile Include="Model.cpp">
      <Filter>Source Files</Filter>
    </ClCompile>
    <ClCompile Include="camera.h">
      <Filter>Header Files</Filter>
    </ClCompile>
    <ClCompile Include="filesystem.cpp">
      <Filter>Source Files</Filter>
    </ClCompile>
    <ClCompile Include="InputHandler.cpp">
      <Filter>Source Files</Filter>
    </ClCompile>
    <ClCompile Include="player.cpp">
      <Filter>Source Files</Filter>
    </ClCompile>
    <ClCompile Include="Systems\PhysicsSystem.cpp">
      <Filter>Header Files\Systems</Filter>
    </ClCompile>
    <ClCompile Include="Systems\RenderSystem.cpp">
      <Filter>Header Files\Systems</Filter>
    </ClCompile>
  </ItemGroup>
  <ItemGroup>
    <None Include="Survival_Guitar_Backpack.usdz">
      <Filter>Resource Files\Textures</Filter>
    </None>
    <None Include="Shaders\light_cube.vs">
      <Filter>Resource Files\Shaders</Filter>
    </None>
    <None Include="Shaders\default.vert">
      <Filter>Resource Files\Shaders</Filter>
    </None>
    <None Include="Shaders\light_cube.fs">
      <Filter>Resource Files\Shaders</Filter>
    </None>
    <None Include="Shaders\default.frag">
      <Filter>Resource Files\Shaders</Filter>
    </None>
    <None Include="Shaders\instancing.vert">
      <Filter>Resource Files\Shaders</Filter>
    </None>
    <None Include="Shaders\instance.frag">
      <Filter>Resource Files\Shaders</Filter>
    </None>
    <None Include="Shaders\trial.frag">
      <Filter>Resource Files\Shaders</Filter>
    </None>
    <None Include="Shaders\trial.vert">
      <Filter>Resource Files\Shaders</Filter>
    </None>
  </ItemGroup>
  <ItemGroup>
    <ClInclude Include="shaderClass.h">
      <Filter>Header Files</Filter>
    </ClInclude>
    <ClInclude Include="VBO.h">
      <Filter>Header Files</Filter>
    </ClInclude>
    <ClInclude Include="EBO.h">
      <Filter>Header Files</Filter>
    </ClInclude>
    <ClInclude Include="VAO.h">
      <Filter>Header Files</Filter>
    </ClInclude>
    <ClInclude Include="tex.h">
      <Filter>Header Files</Filter>
    </ClInclude>
    <ClInclude Include="mesh.h">
      <Filter>Header Files</Filter>
    </ClInclude>
    <ClInclude Include="Model.h">
      <Filter>Header Files</Filter>
    </ClInclude>
    <ClInclude Include="filesystem.h">
      <Filter>Header Files</Filter>
    </ClInclude>
    <ClInclude Include="player.h">
      <Filter>Header Files</Filter>
    </ClInclude>
    <ClInclude Include="cmd.h">
      <Filter>Header Files</Filter>
    </ClInclude>
    <ClInclude Include="actions.h">
      <Filter>Header Files</Filter>
    </ClInclude>
    <ClInclude Include="InputHandler.h">
      <Filter>Header Files</Filter>
    </ClInclude>
    <ClInclude Include="PlayerStates.h">
      <Filter>Header Files</Filter>
    </ClInclude>
    <ClInclude Include="ECS\CompArr.h">
      <Filter>Header Files\ECS</Filter>
    </ClInclude>
    <ClInclude Include="ECS\CompMang.h">
      <Filter>Header Files\ECS</Filter>
    </ClInclude>
    <ClInclude Include="ECS\Coordinator.h">
      <Filter>Header Files\ECS</Filter>
    </ClInclude>
    <ClInclude Include="ECS\EntityManager.h">
      <Filter>Header Files\ECS</Filter>
    </ClInclude>
    <ClInclude Include="ECS\System.h">
      <Filter>Header Files\ECS</Filter>
    </ClInclude>
    <ClInclude Include="Systems\PhysicsSystem.hpp">
      <Filter>Header Files\Systems</Filter>
    </ClInclude>
    <ClInclude Include="Components\RigidBody.hpp">
      <Filter>Header Files\Components</Filter>
    </ClInclude>
    <ClInclude Include="Components\Thrust.hpp">
      <Filter>Header Files\Components</Filter>
    </ClInclude>
    <ClInclude Include="Components\Transform.hpp">
      <Filter>Header Files\Components</Filter>
    </ClInclude>
    <ClInclude Include="Components\Gravity.hpp">
      <Filter>Header Files\Components</Filter>
    </ClInclude>
    <ClInclude Include="Components\Player.hpp">
      <Filter>Header Files\Components</Filter>
    </ClInclude>
    <ClInclude Include="Systems\RenderSystem.hpp">
      <Filter>Header Files\Systems</Filter>
    </ClInclude>
    <ClInclude Include="lighting.h">
      <Filter>Header Files</Filter>
    </ClInclude>
  </ItemGroup>
  <ItemGroup>
    <Image Include="..\..\..\..\Downloads\wall.jpg">
      <Filter>Resource Files\Textures</Filter>
    </Image>
    <Image Include="..\..\..\..\Downloads\container.jpg">
      <Filter>Resource Files\Textures</Filter>
    </Image>
    <Image Include="Textures\container2.png">
      <Filter>Resource Files</Filter>
    </Image>
    <Image Include="Textures\container_specmap.JPG">
      <Filter>Resource Files</Filter>
    </Image>
  </ItemGroup>
  <ItemGroup>
    <Text Include="source_attribution.txt">
      <Filter>Source Files</Filter>
    </Text>
  </ItemGroup>
</Project>